
Microsoft Visual Studio Solution File, Format Version 12.00
# Visual Studio Version 17
VisualStudioVersion = 17.2.32526.322
MinimumVisualStudioVersion = 10.0.40219.1
Project("{FAE04EC0-301F-11D3-BF4B-00C04F79EFBC}") = "DominosPizza", "DominosPizza.csproj", "{B12F822E-E512-4AE4-8B4F-CD873263D803}"
EndProject
Global
	GlobalSection(SolutionConfigurationPlatforms) = preSolution
		Debug|Any CPU = Debug|Any CPU
		Release|Any CPU = Release|Any CPU
	EndGlobalSection
	GlobalSection(ProjectConfigurationPlatforms) = postSolution
		{B12F822E-E512-4AE4-8B4F-CD873263D803}.Debug|Any CPU.ActiveCfg = Debug|Any CPU
		{B12F822E-E512-4AE4-8B4F-CD873263D803}.Debug|Any CPU.Build.0 = Debug|Any CPU
		{B12F822E-E512-4AE4-8B4F-CD873263D803}.Release|Any CPU.ActiveCfg = Release|Any CPU
		{B12F822E-E512-4AE4-8B4F-CD873263D803}.Release|Any CPU.Build.0 = Release|Any CPU
	EndGlobalSection
	GlobalSection(SolutionProperties) = preSolution
		HideSolutionNode = FALSE
	EndGlobalSection
	GlobalSection(ExtensibilityGlobals) = postSolution
		SolutionGuid = {7C3A7EA6-33BE-488A-BE47-788BF741CF18}
	EndGlobalSection
EndGlobal
